// !$*UTF8*$!
{
	archiveVersion = 1;
	classes = {
	};
	objectVersion = 55;
	objects = {

/* Begin PBXBuildFile section */
		811F7BD3278C2A3500F1B8C9 /* BudgetSlice.swift in Sources */ = {isa = PBXBuildFile; fileRef = 811F7BD2278C2A3500F1B8C9 /* BudgetSlice.swift */; };
		8157AB8327BA7E15003FEB28 /* NewSliceElements.swift in Sources */ = {isa = PBXBuildFile; fileRef = 8157AB8227BA7E15003FEB28 /* NewSliceElements.swift */; };
		8157AB8527BA7E5D003FEB28 /* AddSliceFlow.swift in Sources */ = {isa = PBXBuildFile; fileRef = 8157AB8427BA7E5D003FEB28 /* AddSliceFlow.swift */; };
		817033E227B1B7BB001686FA /* Report.swift in Sources */ = {isa = PBXBuildFile; fileRef = 817033E127B1B7BB001686FA /* Report.swift */; };
		817033EC27B25F9F001686FA /* RepositoryTests.swift in Sources */ = {isa = PBXBuildFile; fileRef = 817033EB27B25F9F001686FA /* RepositoryTests.swift */; };
		817033F927B3D218001686FA /* AddBudgetUITests.swift in Sources */ = {isa = PBXBuildFile; fileRef = 817033F827B3D218001686FA /* AddBudgetUITests.swift */; };
		8170340227B59945001686FA /* AccessibilityIdentifier.swift in Sources */ = {isa = PBXBuildFile; fileRef = 8170340127B59945001686FA /* AccessibilityIdentifier.swift */; };
		8170340527B7E0E6001686FA /* FinanceElements.swift in Sources */ = {isa = PBXBuildFile; fileRef = 8170340427B7E0E6001686FA /* FinanceElements.swift */; };
		8170340727B7E1DF001686FA /* XCUIElement+Extensions.swift in Sources */ = {isa = PBXBuildFile; fileRef = 8170340627B7E1DF001686FA /* XCUIElement+Extensions.swift */; };
		8170340927B7E2F6001686FA /* UIFlow.swift in Sources */ = {isa = PBXBuildFile; fileRef = 8170340827B7E2F6001686FA /* UIFlow.swift */; };
		8170340F27B7E6A5001686FA /* ReportElements.swift in Sources */ = {isa = PBXBuildFile; fileRef = 8170340E27B7E6A5001686FA /* ReportElements.swift */; };
		8170341127B7E6BD001686FA /* NewBudgetElements.swift in Sources */ = {isa = PBXBuildFile; fileRef = 8170341027B7E6BD001686FA /* NewBudgetElements.swift */; };
		8170341327B7E6E4001686FA /* AddBudgetFlow.swift in Sources */ = {isa = PBXBuildFile; fileRef = 8170341227B7E6E4001686FA /* AddBudgetFlow.swift */; };
		8170341427B7F5CA001686FA /* AccessibilityIdentifier.swift in Sources */ = {isa = PBXBuildFile; fileRef = 8170340127B59945001686FA /* AccessibilityIdentifier.swift */; };
		8170341627B7FB07001686FA /* CommonElements.swift in Sources */ = {isa = PBXBuildFile; fileRef = 8170341527B7FB07001686FA /* CommonElements.swift */; };
		81735ACC279A2B8D007C9AA3 /* Array+Extensions.swift in Sources */ = {isa = PBXBuildFile; fileRef = 81735ACB279A2B8D007C9AA3 /* Array+Extensions.swift */; };
		81735ACF279B2179007C9AA3 /* Months.swift in Sources */ = {isa = PBXBuildFile; fileRef = 81735ACE279B2179007C9AA3 /* Months.swift */; };
		81947EAB27327FCF001C2AC9 /* FinanceApp.swift in Sources */ = {isa = PBXBuildFile; fileRef = 81947EAA27327FCF001C2AC9 /* FinanceApp.swift */; };
		81947EAF27327FD1001C2AC9 /* Assets.xcassets in Resources */ = {isa = PBXBuildFile; fileRef = 81947EAE27327FD1001C2AC9 /* Assets.xcassets */; };
		81947EB227327FD1001C2AC9 /* Preview Assets.xcassets in Resources */ = {isa = PBXBuildFile; fileRef = 81947EB127327FD1001C2AC9 /* Preview Assets.xcassets */; };
		81947EB927329707001C2AC9 /* ReportView.swift in Sources */ = {isa = PBXBuildFile; fileRef = 81947EB827329707001C2AC9 /* ReportView.swift */; };
		8195E8BA27A4129000D58297 /* UpdateBudgetView.swift in Sources */ = {isa = PBXBuildFile; fileRef = 8195E8B927A4129000D58297 /* UpdateBudgetView.swift */; };
		8195E8BC27A41BD200D58297 /* InlineErrorView.swift in Sources */ = {isa = PBXBuildFile; fileRef = 8195E8BB27A41BD200D58297 /* InlineErrorView.swift */; };
		819993D52752F80C00FA3E03 /* Locale+Defaults.swift in Sources */ = {isa = PBXBuildFile; fileRef = 819993D42752F80C00FA3E03 /* Locale+Defaults.swift */; };
		819993D72752FAA300FA3E03 /* InsertAmountField.swift in Sources */ = {isa = PBXBuildFile; fileRef = 819993D62752FAA300FA3E03 /* InsertAmountField.swift */; };
		819993DC2757692300FA3E03 /* AmountCollectionItem.swift in Sources */ = {isa = PBXBuildFile; fileRef = 819993DB2757692300FA3E03 /* AmountCollectionItem.swift */; };
		81B284E327A0008D00EE51EB /* NewBudgetView.swift in Sources */ = {isa = PBXBuildFile; fileRef = 81B284E227A0008D00EE51EB /* NewBudgetView.swift */; };
		81B284E627A0011800EE51EB /* ReportController.swift in Sources */ = {isa = PBXBuildFile; fileRef = 81B284E527A0011800EE51EB /* ReportController.swift */; };
		81B284E827A0035700EE51EB /* NewBudgetSliceView.swift in Sources */ = {isa = PBXBuildFile; fileRef = 81B284E727A0035700EE51EB /* NewBudgetSliceView.swift */; };
		81B284EA27A003FB00EE51EB /* BudgetController.swift in Sources */ = {isa = PBXBuildFile; fileRef = 81B284E927A003FB00EE51EB /* BudgetController.swift */; };
		81B284F027A02FB800EE51EB /* DomainError.swift in Sources */ = {isa = PBXBuildFile; fileRef = 81B284EF27A02FB800EE51EB /* DomainError.swift */; };
		81B80D13278C5516002E002E /* DateFormatter+Defaults.swift in Sources */ = {isa = PBXBuildFile; fileRef = 81B80D12278C5516002E002E /* DateFormatter+Defaults.swift */; };
		81BB5378274E1509002B46D6 /* AmountView.swift in Sources */ = {isa = PBXBuildFile; fileRef = 81BB5377274E1509002B46D6 /* AmountView.swift */; };
		81C222DC279CD11F00759CCB /* MockStorageProvider.swift in Sources */ = {isa = PBXBuildFile; fileRef = 81C222DB279CD11F00759CCB /* MockStorageProvider.swift */; };
		81CB8BF02746B92400A64785 /* Budget.swift in Sources */ = {isa = PBXBuildFile; fileRef = 81CB8BEF2746B92400A64785 /* Budget.swift */; };
		81CB8BF42746BC4A00A64785 /* MoneyValue.swift in Sources */ = {isa = PBXBuildFile; fileRef = 81CB8BF32746BC4A00A64785 /* MoneyValue.swift */; };
		81CB8BF62746BFDC00A64785 /* BudgetView.swift in Sources */ = {isa = PBXBuildFile; fileRef = 81CB8BF52746BFDC00A64785 /* BudgetView.swift */; };
		81CB8BF82746CA6500A64785 /* AmountListItem.swift in Sources */ = {isa = PBXBuildFile; fileRef = 81CB8BF72746CA6500A64785 /* AmountListItem.swift */; };
		81CB8BFE2746DA8F00A64785 /* AmountHolder.swift in Sources */ = {isa = PBXBuildFile; fileRef = 81CB8BFD2746DA8F00A64785 /* AmountHolder.swift */; };
		81EC7CAD279A17AD006194C9 /* Repository.swift in Sources */ = {isa = PBXBuildFile; fileRef = 81EC7CAC279A17AD006194C9 /* Repository.swift */; };
		81F24A792743D6DC00C37ADE /* DashboardView.swift in Sources */ = {isa = PBXBuildFile; fileRef = 81F24A782743D6DC00C37ADE /* DashboardView.swift */; };
		81FC8750279B65460031D3AC /* Finance.xcdatamodeld in Sources */ = {isa = PBXBuildFile; fileRef = 81FC874E279B65460031D3AC /* Finance.xcdatamodeld */; };
		81FC8752279B77240031D3AC /* CoreDataStorageProvider.swift in Sources */ = {isa = PBXBuildFile; fileRef = 81FC8751279B77240031D3AC /* CoreDataStorageProvider.swift */; };
/* End PBXBuildFile section */

/* Begin PBXContainerItemProxy section */
		817033ED27B25F9F001686FA /* PBXContainerItemProxy */ = {
			isa = PBXContainerItemProxy;
			containerPortal = 81947E9F27327FCE001C2AC9 /* Project object */;
			proxyType = 1;
			remoteGlobalIDString = 81947EA627327FCF001C2AC9;
			remoteInfo = Finance;
		};
		817033FC27B3D218001686FA /* PBXContainerItemProxy */ = {
			isa = PBXContainerItemProxy;
			containerPortal = 81947E9F27327FCE001C2AC9 /* Project object */;
			proxyType = 1;
			remoteGlobalIDString = 81947EA627327FCF001C2AC9;
			remoteInfo = Finance;
		};
/* End PBXContainerItemProxy section */

/* Begin PBXFileReference section */
		811F7BD2278C2A3500F1B8C9 /* BudgetSlice.swift */ = {isa = PBXFileReference; lastKnownFileType = sourcecode.swift; path = BudgetSlice.swift; sourceTree = "<group>"; };
		8157AB8227BA7E15003FEB28 /* NewSliceElements.swift */ = {isa = PBXFileReference; lastKnownFileType = sourcecode.swift; path = NewSliceElements.swift; sourceTree = "<group>"; };
		8157AB8427BA7E5D003FEB28 /* AddSliceFlow.swift */ = {isa = PBXFileReference; lastKnownFileType = sourcecode.swift; path = AddSliceFlow.swift; sourceTree = "<group>"; };
		817033E127B1B7BB001686FA /* Report.swift */ = {isa = PBXFileReference; lastKnownFileType = sourcecode.swift; path = Report.swift; sourceTree = "<group>"; };
		817033E927B25F9F001686FA /* FinanceTests.xctest */ = {isa = PBXFileReference; explicitFileType = wrapper.cfbundle; includeInIndex = 0; path = FinanceTests.xctest; sourceTree = BUILT_PRODUCTS_DIR; };
		817033EB27B25F9F001686FA /* RepositoryTests.swift */ = {isa = PBXFileReference; lastKnownFileType = sourcecode.swift; path = RepositoryTests.swift; sourceTree = "<group>"; };
		817033F627B3D218001686FA /* FinanceUITests.xctest */ = {isa = PBXFileReference; explicitFileType = wrapper.cfbundle; includeInIndex = 0; path = FinanceUITests.xctest; sourceTree = BUILT_PRODUCTS_DIR; };
		817033F827B3D218001686FA /* AddBudgetUITests.swift */ = {isa = PBXFileReference; lastKnownFileType = sourcecode.swift; path = AddBudgetUITests.swift; sourceTree = "<group>"; };
		8170340127B59945001686FA /* AccessibilityIdentifier.swift */ = {isa = PBXFileReference; lastKnownFileType = sourcecode.swift; path = AccessibilityIdentifier.swift; sourceTree = "<group>"; };
		8170340427B7E0E6001686FA /* FinanceElements.swift */ = {isa = PBXFileReference; lastKnownFileType = sourcecode.swift; path = FinanceElements.swift; sourceTree = "<group>"; };
		8170340627B7E1DF001686FA /* XCUIElement+Extensions.swift */ = {isa = PBXFileReference; lastKnownFileType = sourcecode.swift; path = "XCUIElement+Extensions.swift"; sourceTree = "<group>"; };
		8170340827B7E2F6001686FA /* UIFlow.swift */ = {isa = PBXFileReference; lastKnownFileType = sourcecode.swift; path = UIFlow.swift; sourceTree = "<group>"; };
		8170340E27B7E6A5001686FA /* ReportElements.swift */ = {isa = PBXFileReference; lastKnownFileType = sourcecode.swift; path = ReportElements.swift; sourceTree = "<group>"; };
		8170341027B7E6BD001686FA /* NewBudgetElements.swift */ = {isa = PBXFileReference; lastKnownFileType = sourcecode.swift; path = NewBudgetElements.swift; sourceTree = "<group>"; };
		8170341227B7E6E4001686FA /* AddBudgetFlow.swift */ = {isa = PBXFileReference; lastKnownFileType = sourcecode.swift; path = AddBudgetFlow.swift; sourceTree = "<group>"; };
		8170341527B7FB07001686FA /* CommonElements.swift */ = {isa = PBXFileReference; lastKnownFileType = sourcecode.swift; path = CommonElements.swift; sourceTree = "<group>"; };
		81735ACB279A2B8D007C9AA3 /* Array+Extensions.swift */ = {isa = PBXFileReference; lastKnownFileType = sourcecode.swift; path = "Array+Extensions.swift"; sourceTree = "<group>"; };
		81735ACE279B2179007C9AA3 /* Months.swift */ = {isa = PBXFileReference; lastKnownFileType = sourcecode.swift; path = Months.swift; sourceTree = "<group>"; };
		81947EA727327FCF001C2AC9 /* Finance.app */ = {isa = PBXFileReference; explicitFileType = wrapper.application; includeInIndex = 0; path = Finance.app; sourceTree = BUILT_PRODUCTS_DIR; };
		81947EAA27327FCF001C2AC9 /* FinanceApp.swift */ = {isa = PBXFileReference; lastKnownFileType = sourcecode.swift; path = FinanceApp.swift; sourceTree = "<group>"; };
		81947EAE27327FD1001C2AC9 /* Assets.xcassets */ = {isa = PBXFileReference; lastKnownFileType = folder.assetcatalog; path = Assets.xcassets; sourceTree = "<group>"; };
		81947EB127327FD1001C2AC9 /* Preview Assets.xcassets */ = {isa = PBXFileReference; lastKnownFileType = folder.assetcatalog; path = "Preview Assets.xcassets"; sourceTree = "<group>"; };
		81947EB827329707001C2AC9 /* ReportView.swift */ = {isa = PBXFileReference; lastKnownFileType = sourcecode.swift; path = ReportView.swift; sourceTree = "<group>"; };
		8195E8B927A4129000D58297 /* UpdateBudgetView.swift */ = {isa = PBXFileReference; lastKnownFileType = sourcecode.swift; path = UpdateBudgetView.swift; sourceTree = "<group>"; };
		8195E8BB27A41BD200D58297 /* InlineErrorView.swift */ = {isa = PBXFileReference; lastKnownFileType = sourcecode.swift; path = InlineErrorView.swift; sourceTree = "<group>"; };
		819993D42752F80C00FA3E03 /* Locale+Defaults.swift */ = {isa = PBXFileReference; lastKnownFileType = sourcecode.swift; path = "Locale+Defaults.swift"; sourceTree = "<group>"; };
		819993D62752FAA300FA3E03 /* InsertAmountField.swift */ = {isa = PBXFileReference; lastKnownFileType = sourcecode.swift; path = InsertAmountField.swift; sourceTree = "<group>"; };
		819993DB2757692300FA3E03 /* AmountCollectionItem.swift */ = {isa = PBXFileReference; lastKnownFileType = sourcecode.swift; path = AmountCollectionItem.swift; sourceTree = "<group>"; };
		81B284E227A0008D00EE51EB /* NewBudgetView.swift */ = {isa = PBXFileReference; lastKnownFileType = sourcecode.swift; path = NewBudgetView.swift; sourceTree = "<group>"; };
		81B284E527A0011800EE51EB /* ReportController.swift */ = {isa = PBXFileReference; lastKnownFileType = sourcecode.swift; path = ReportController.swift; sourceTree = "<group>"; };
		81B284E727A0035700EE51EB /* NewBudgetSliceView.swift */ = {isa = PBXFileReference; lastKnownFileType = sourcecode.swift; path = NewBudgetSliceView.swift; sourceTree = "<group>"; };
		81B284E927A003FB00EE51EB /* BudgetController.swift */ = {isa = PBXFileReference; lastKnownFileType = sourcecode.swift; path = BudgetController.swift; sourceTree = "<group>"; };
		81B284EF27A02FB800EE51EB /* DomainError.swift */ = {isa = PBXFileReference; lastKnownFileType = sourcecode.swift; path = DomainError.swift; sourceTree = "<group>"; };
		81B80D12278C5516002E002E /* DateFormatter+Defaults.swift */ = {isa = PBXFileReference; lastKnownFileType = sourcecode.swift; path = "DateFormatter+Defaults.swift"; sourceTree = "<group>"; };
		81BB5377274E1509002B46D6 /* AmountView.swift */ = {isa = PBXFileReference; lastKnownFileType = sourcecode.swift; path = AmountView.swift; sourceTree = "<group>"; };
		81C222D7279CB5C700759CCB /* Finance 0. 2.xcdatamodel */ = {isa = PBXFileReference; lastKnownFileType = wrapper.xcdatamodel; path = "Finance 0. 2.xcdatamodel"; sourceTree = "<group>"; };
		81C222D8279CC4F600759CCB /* Finance 0. 3.xcdatamodel */ = {isa = PBXFileReference; lastKnownFileType = wrapper.xcdatamodel; path = "Finance 0. 3.xcdatamodel"; sourceTree = "<group>"; };
		81C222DB279CD11F00759CCB /* MockStorageProvider.swift */ = {isa = PBXFileReference; lastKnownFileType = sourcecode.swift; path = MockStorageProvider.swift; sourceTree = "<group>"; };
		81CB8BEF2746B92400A64785 /* Budget.swift */ = {isa = PBXFileReference; lastKnownFileType = sourcecode.swift; path = Budget.swift; sourceTree = "<group>"; };
		81CB8BF32746BC4A00A64785 /* MoneyValue.swift */ = {isa = PBXFileReference; lastKnownFileType = sourcecode.swift; path = MoneyValue.swift; sourceTree = "<group>"; };
		81CB8BF52746BFDC00A64785 /* BudgetView.swift */ = {isa = PBXFileReference; lastKnownFileType = sourcecode.swift; path = BudgetView.swift; sourceTree = "<group>"; };
		81CB8BF72746CA6500A64785 /* AmountListItem.swift */ = {isa = PBXFileReference; lastKnownFileType = sourcecode.swift; path = AmountListItem.swift; sourceTree = "<group>"; };
		81CB8BFD2746DA8F00A64785 /* AmountHolder.swift */ = {isa = PBXFileReference; lastKnownFileType = sourcecode.swift; path = AmountHolder.swift; sourceTree = "<group>"; };
		81EC7CAC279A17AD006194C9 /* Repository.swift */ = {isa = PBXFileReference; lastKnownFileType = sourcecode.swift; path = Repository.swift; sourceTree = "<group>"; };
		81F24A782743D6DC00C37ADE /* DashboardView.swift */ = {isa = PBXFileReference; lastKnownFileType = sourcecode.swift; path = DashboardView.swift; sourceTree = "<group>"; };
		81FC874F279B65460031D3AC /* Finance.xcdatamodel */ = {isa = PBXFileReference; lastKnownFileType = wrapper.xcdatamodel; path = Finance.xcdatamodel; sourceTree = "<group>"; };
		81FC8751279B77240031D3AC /* CoreDataStorageProvider.swift */ = {isa = PBXFileReference; lastKnownFileType = sourcecode.swift; path = CoreDataStorageProvider.swift; sourceTree = "<group>"; };
		81FCE397279C59F200A407A7 /* Finance 0.1.xcdatamodel */ = {isa = PBXFileReference; lastKnownFileType = wrapper.xcdatamodel; path = "Finance 0.1.xcdatamodel"; sourceTree = "<group>"; };
/* End PBXFileReference section */

/* Begin PBXFrameworksBuildPhase section */
		817033E627B25F9F001686FA /* Frameworks */ = {
			isa = PBXFrameworksBuildPhase;
			buildActionMask = 2147483647;
			files = (
			);
			runOnlyForDeploymentPostprocessing = 0;
		};
		817033F327B3D218001686FA /* Frameworks */ = {
			isa = PBXFrameworksBuildPhase;
			buildActionMask = 2147483647;
			files = (
			);
			runOnlyForDeploymentPostprocessing = 0;
		};
		81947EA427327FCF001C2AC9 /* Frameworks */ = {
			isa = PBXFrameworksBuildPhase;
			buildActionMask = 2147483647;
			files = (
			);
			runOnlyForDeploymentPostprocessing = 0;
		};
/* End PBXFrameworksBuildPhase section */

/* Begin PBXGroup section */
		811F7BCE278C250700F1B8C9 /* Entities */ = {
			isa = PBXGroup;
			children = (
				81735ACE279B2179007C9AA3 /* Months.swift */,
				81CB8BF32746BC4A00A64785 /* MoneyValue.swift */,
				81CB8BFD2746DA8F00A64785 /* AmountHolder.swift */,
			);
			path = Entities;
			sourceTree = "<group>";
		};
		811F7BCF278C250E00F1B8C9 /* Domain */ = {
			isa = PBXGroup;
			children = (
				8170340127B59945001686FA /* AccessibilityIdentifier.swift */,
				81B284EF27A02FB800EE51EB /* DomainError.swift */,
				817033E127B1B7BB001686FA /* Report.swift */,
				81CB8BEF2746B92400A64785 /* Budget.swift */,
				811F7BD2278C2A3500F1B8C9 /* BudgetSlice.swift */,
			);
			path = Domain;
			sourceTree = "<group>";
		};
		811F7BD4278C46C100F1B8C9 /* Budget */ = {
			isa = PBXGroup;
			children = (
				81947EB827329707001C2AC9 /* ReportView.swift */,
				81CB8BF52746BFDC00A64785 /* BudgetView.swift */,
				81B284E227A0008D00EE51EB /* NewBudgetView.swift */,
				8195E8B927A4129000D58297 /* UpdateBudgetView.swift */,
				81B284E727A0035700EE51EB /* NewBudgetSliceView.swift */,
			);
			path = Budget;
			sourceTree = "<group>";
		};
		81542BD6279580F300A05B77 /* Amount */ = {
			isa = PBXGroup;
			children = (
				81BB5377274E1509002B46D6 /* AmountView.swift */,
				819993D62752FAA300FA3E03 /* InsertAmountField.swift */,
				81CB8BF72746CA6500A64785 /* AmountListItem.swift */,
				819993DB2757692300FA3E03 /* AmountCollectionItem.swift */,
			);
			path = Amount;
			sourceTree = "<group>";
		};
		817033E327B25E5E001686FA /* Classes */ = {
			isa = PBXGroup;
			children = (
				81947EAA27327FCF001C2AC9 /* FinanceApp.swift */,
				81CB8BEE2746B91900A64785 /* Model */,
				81CB8BED2746B91100A64785 /* View */,
				81B284E427A0010700EE51EB /* Controller */,
			);
			path = Classes;
			sourceTree = "<group>";
		};
		817033E427B25F2C001686FA /* Resources */ = {
			isa = PBXGroup;
			children = (
				81FC874D279B63E90031D3AC /* Data */,
				81947EAE27327FD1001C2AC9 /* Assets.xcassets */,
				81947EB027327FD1001C2AC9 /* Preview Content */,
			);
			path = Resources;
			sourceTree = "<group>";
		};
		817033EA27B25F9F001686FA /* FinanceTests */ = {
			isa = PBXGroup;
			children = (
				817033EB27B25F9F001686FA /* RepositoryTests.swift */,
			);
			path = FinanceTests;
			sourceTree = "<group>";
		};
		817033F727B3D218001686FA /* FinanceUITests */ = {
			isa = PBXGroup;
			children = (
				8170340B27B7E686001686FA /* Elements */,
				8170340A27B7E680001686FA /* Flows */,
				817033F827B3D218001686FA /* AddBudgetUITests.swift */,
			);
			path = FinanceUITests;
			sourceTree = "<group>";
		};
		8170340A27B7E680001686FA /* Flows */ = {
			isa = PBXGroup;
			children = (
				8170340827B7E2F6001686FA /* UIFlow.swift */,
				8170341227B7E6E4001686FA /* AddBudgetFlow.swift */,
				8157AB8427BA7E5D003FEB28 /* AddSliceFlow.swift */,
			);
			path = Flows;
			sourceTree = "<group>";
		};
		8170340B27B7E686001686FA /* Elements */ = {
			isa = PBXGroup;
			children = (
				8170340627B7E1DF001686FA /* XCUIElement+Extensions.swift */,
				8170340427B7E0E6001686FA /* FinanceElements.swift */,
				8170341527B7FB07001686FA /* CommonElements.swift */,
				8170340E27B7E6A5001686FA /* ReportElements.swift */,
				8170341027B7E6BD001686FA /* NewBudgetElements.swift */,
				8157AB8227BA7E15003FEB28 /* NewSliceElements.swift */,
			);
			path = Elements;
			sourceTree = "<group>";
		};
		81735ACD279A2DE3007C9AA3 /* Repository */ = {
			isa = PBXGroup;
			children = (
				81EC7CAC279A17AD006194C9 /* Repository.swift */,
				81FC8751279B77240031D3AC /* CoreDataStorageProvider.swift */,
				81C222DB279CD11F00759CCB /* MockStorageProvider.swift */,
			);
			path = Repository;
			sourceTree = "<group>";
		};
		81947E9E27327FCE001C2AC9 = {
			isa = PBXGroup;
			children = (
				81947EA927327FCF001C2AC9 /* Finance */,
				817033EA27B25F9F001686FA /* FinanceTests */,
				817033F727B3D218001686FA /* FinanceUITests */,
				81947EA827327FCF001C2AC9 /* Products */,
			);
			sourceTree = "<group>";
		};
		81947EA827327FCF001C2AC9 /* Products */ = {
			isa = PBXGroup;
			children = (
				81947EA727327FCF001C2AC9 /* Finance.app */,
				817033E927B25F9F001686FA /* FinanceTests.xctest */,
				817033F627B3D218001686FA /* FinanceUITests.xctest */,
			);
			name = Products;
			sourceTree = "<group>";
		};
		81947EA927327FCF001C2AC9 /* Finance */ = {
			isa = PBXGroup;
			children = (
				817033E327B25E5E001686FA /* Classes */,
				817033E427B25F2C001686FA /* Resources */,
			);
			path = Finance;
			sourceTree = "<group>";
		};
		81947EB027327FD1001C2AC9 /* Preview Content */ = {
			isa = PBXGroup;
			children = (
				81947EB127327FD1001C2AC9 /* Preview Assets.xcassets */,
			);
			path = "Preview Content";
			sourceTree = "<group>";
		};
		819993D82756CFA300FA3E03 /* Common */ = {
			isa = PBXGroup;
			children = (
				8195E8BB27A41BD200D58297 /* InlineErrorView.swift */,
			);
			path = Common;
			sourceTree = "<group>";
		};
		81B284E427A0010700EE51EB /* Controller */ = {
			isa = PBXGroup;
			children = (
				81B284E527A0011800EE51EB /* ReportController.swift */,
				81B284E927A003FB00EE51EB /* BudgetController.swift */,
			);
			path = Controller;
			sourceTree = "<group>";
		};
		81CB8BED2746B91100A64785 /* View */ = {
			isa = PBXGroup;
			children = (
				81F24A782743D6DC00C37ADE /* DashboardView.swift */,
				81542BD6279580F300A05B77 /* Amount */,
				811F7BD4278C46C100F1B8C9 /* Budget */,
				819993D82756CFA300FA3E03 /* Common */,
			);
			path = View;
			sourceTree = "<group>";
		};
		81CB8BEE2746B91900A64785 /* Model */ = {
			isa = PBXGroup;
			children = (
				819993D42752F80C00FA3E03 /* Locale+Defaults.swift */,
				81B80D12278C5516002E002E /* DateFormatter+Defaults.swift */,
				81735ACB279A2B8D007C9AA3 /* Array+Extensions.swift */,
				811F7BCE278C250700F1B8C9 /* Entities */,
				811F7BCF278C250E00F1B8C9 /* Domain */,
				81735ACD279A2DE3007C9AA3 /* Repository */,
			);
			path = Model;
			sourceTree = "<group>";
		};
		81FC874D279B63E90031D3AC /* Data */ = {
			isa = PBXGroup;
			children = (
				81FC874E279B65460031D3AC /* Finance.xcdatamodeld */,
			);
			path = Data;
			sourceTree = "<group>";
		};
/* End PBXGroup section */

/* Begin PBXNativeTarget section */
		817033E827B25F9F001686FA /* FinanceTests */ = {
			isa = PBXNativeTarget;
			buildConfigurationList = 817033EF27B25F9F001686FA /* Build configuration list for PBXNativeTarget "FinanceTests" */;
			buildPhases = (
				817033E527B25F9F001686FA /* Sources */,
				817033E627B25F9F001686FA /* Frameworks */,
				817033E727B25F9F001686FA /* Resources */,
			);
			buildRules = (
			);
			dependencies = (
				817033EE27B25F9F001686FA /* PBXTargetDependency */,
			);
			name = FinanceTests;
			productName = FinanceTests;
			productReference = 817033E927B25F9F001686FA /* FinanceTests.xctest */;
			productType = "com.apple.product-type.bundle.unit-test";
		};
		817033F527B3D218001686FA /* FinanceUITests */ = {
			isa = PBXNativeTarget;
			buildConfigurationList = 817033FE27B3D218001686FA /* Build configuration list for PBXNativeTarget "FinanceUITests" */;
			buildPhases = (
				817033F227B3D218001686FA /* Sources */,
				817033F327B3D218001686FA /* Frameworks */,
				817033F427B3D218001686FA /* Resources */,
			);
			buildRules = (
			);
			dependencies = (
				817033FD27B3D218001686FA /* PBXTargetDependency */,
			);
			name = FinanceUITests;
			productName = FinanceUITests;
			productReference = 817033F627B3D218001686FA /* FinanceUITests.xctest */;
			productType = "com.apple.product-type.bundle.ui-testing";
		};
		81947EA627327FCF001C2AC9 /* Finance */ = {
			isa = PBXNativeTarget;
			buildConfigurationList = 81947EB527327FD1001C2AC9 /* Build configuration list for PBXNativeTarget "Finance" */;
			buildPhases = (
				81947EA327327FCF001C2AC9 /* Sources */,
				81947EA427327FCF001C2AC9 /* Frameworks */,
				81947EA527327FCF001C2AC9 /* Resources */,
			);
			buildRules = (
			);
			dependencies = (
			);
			name = Finance;
			productName = Finance;
			productReference = 81947EA727327FCF001C2AC9 /* Finance.app */;
			productType = "com.apple.product-type.application";
		};
/* End PBXNativeTarget section */

/* Begin PBXProject section */
		81947E9F27327FCE001C2AC9 /* Project object */ = {
			isa = PBXProject;
			attributes = {
				BuildIndependentTargetsInParallel = 1;
				LastSwiftUpdateCheck = 1320;
				LastUpgradeCheck = 1310;
				TargetAttributes = {
					817033E827B25F9F001686FA = {
						CreatedOnToolsVersion = 13.2.1;
						TestTargetID = 81947EA627327FCF001C2AC9;
					};
					817033F527B3D218001686FA = {
						CreatedOnToolsVersion = 13.2.1;
						TestTargetID = 81947EA627327FCF001C2AC9;
					};
					81947EA627327FCF001C2AC9 = {
						CreatedOnToolsVersion = 13.1;
					};
				};
			};
			buildConfigurationList = 81947EA227327FCE001C2AC9 /* Build configuration list for PBXProject "Finance" */;
			compatibilityVersion = "Xcode 13.0";
			developmentRegion = en;
			hasScannedForEncodings = 0;
			knownRegions = (
				en,
				Base,
			);
			mainGroup = 81947E9E27327FCE001C2AC9;
			productRefGroup = 81947EA827327FCF001C2AC9 /* Products */;
			projectDirPath = "";
			projectRoot = "";
			targets = (
				81947EA627327FCF001C2AC9 /* Finance */,
				817033E827B25F9F001686FA /* FinanceTests */,
				817033F527B3D218001686FA /* FinanceUITests */,
			);
		};
/* End PBXProject section */

/* Begin PBXResourcesBuildPhase section */
		817033E727B25F9F001686FA /* Resources */ = {
			isa = PBXResourcesBuildPhase;
			buildActionMask = 2147483647;
			files = (
			);
			runOnlyForDeploymentPostprocessing = 0;
		};
		817033F427B3D218001686FA /* Resources */ = {
			isa = PBXResourcesBuildPhase;
			buildActionMask = 2147483647;
			files = (
			);
			runOnlyForDeploymentPostprocessing = 0;
		};
		81947EA527327FCF001C2AC9 /* Resources */ = {
			isa = PBXResourcesBuildPhase;
			buildActionMask = 2147483647;
			files = (
				81947EB227327FD1001C2AC9 /* Preview Assets.xcassets in Resources */,
				81947EAF27327FD1001C2AC9 /* Assets.xcassets in Resources */,
			);
			runOnlyForDeploymentPostprocessing = 0;
		};
/* End PBXResourcesBuildPhase section */

/* Begin PBXSourcesBuildPhase section */
		817033E527B25F9F001686FA /* Sources */ = {
			isa = PBXSourcesBuildPhase;
			buildActionMask = 2147483647;
			files = (
				817033EC27B25F9F001686FA /* RepositoryTests.swift in Sources */,
			);
			runOnlyForDeploymentPostprocessing = 0;
		};
		817033F227B3D218001686FA /* Sources */ = {
			isa = PBXSourcesBuildPhase;
			buildActionMask = 2147483647;
			files = (
				8170340527B7E0E6001686FA /* FinanceElements.swift in Sources */,
				8170340727B7E1DF001686FA /* XCUIElement+Extensions.swift in Sources */,
				8157AB8527BA7E5D003FEB28 /* AddSliceFlow.swift in Sources */,
				8170340F27B7E6A5001686FA /* ReportElements.swift in Sources */,
				817033F927B3D218001686FA /* AddBudgetUITests.swift in Sources */,
				8170341427B7F5CA001686FA /* AccessibilityIdentifier.swift in Sources */,
				8157AB8327BA7E15003FEB28 /* NewSliceElements.swift in Sources */,
				8170341127B7E6BD001686FA /* NewBudgetElements.swift in Sources */,
				8170341327B7E6E4001686FA /* AddBudgetFlow.swift in Sources */,
				8170341627B7FB07001686FA /* CommonElements.swift in Sources */,
				8170340927B7E2F6001686FA /* UIFlow.swift in Sources */,
			);
			runOnlyForDeploymentPostprocessing = 0;
		};
		81947EA327327FCF001C2AC9 /* Sources */ = {
			isa = PBXSourcesBuildPhase;
			buildActionMask = 2147483647;
			files = (
				81BB5378274E1509002B46D6 /* AmountView.swift in Sources */,
				81F24A792743D6DC00C37ADE /* DashboardView.swift in Sources */,
				81FC8750279B65460031D3AC /* Finance.xcdatamodeld in Sources */,
				81FC8752279B77240031D3AC /* CoreDataStorageProvider.swift in Sources */,
				81CB8BF62746BFDC00A64785 /* BudgetView.swift in Sources */,
				81C222DC279CD11F00759CCB /* MockStorageProvider.swift in Sources */,
				81EC7CAD279A17AD006194C9 /* Repository.swift in Sources */,
				81735ACC279A2B8D007C9AA3 /* Array+Extensions.swift in Sources */,
				819993D72752FAA300FA3E03 /* InsertAmountField.swift in Sources */,
				811F7BD3278C2A3500F1B8C9 /* BudgetSlice.swift in Sources */,
				81B284E827A0035700EE51EB /* NewBudgetSliceView.swift in Sources */,
				8195E8BA27A4129000D58297 /* UpdateBudgetView.swift in Sources */,
				81947EB927329707001C2AC9 /* ReportView.swift in Sources */,
				81CB8BFE2746DA8F00A64785 /* AmountHolder.swift in Sources */,
				81CB8BF42746BC4A00A64785 /* MoneyValue.swift in Sources */,
				8170340227B59945001686FA /* AccessibilityIdentifier.swift in Sources */,
				819993D52752F80C00FA3E03 /* Locale+Defaults.swift in Sources */,
				819993DC2757692300FA3E03 /* AmountCollectionItem.swift in Sources */,
				817033E227B1B7BB001686FA /* Report.swift in Sources */,
				81CB8BF02746B92400A64785 /* Budget.swift in Sources */,
				8195E8BC27A41BD200D58297 /* InlineErrorView.swift in Sources */,
				81B284E627A0011800EE51EB /* ReportController.swift in Sources */,
				81947EAB27327FCF001C2AC9 /* FinanceApp.swift in Sources */,
				81B284F027A02FB800EE51EB /* DomainError.swift in Sources */,
				81B80D13278C5516002E002E /* DateFormatter+Defaults.swift in Sources */,
				81CB8BF82746CA6500A64785 /* AmountListItem.swift in Sources */,
				81B284E327A0008D00EE51EB /* NewBudgetView.swift in Sources */,
				81B284EA27A003FB00EE51EB /* BudgetController.swift in Sources */,
				81735ACF279B2179007C9AA3 /* Months.swift in Sources */,
			);
			runOnlyForDeploymentPostprocessing = 0;
		};
/* End PBXSourcesBuildPhase section */

/* Begin PBXTargetDependency section */
		817033EE27B25F9F001686FA /* PBXTargetDependency */ = {
			isa = PBXTargetDependency;
			target = 81947EA627327FCF001C2AC9 /* Finance */;
			targetProxy = 817033ED27B25F9F001686FA /* PBXContainerItemProxy */;
		};
		817033FD27B3D218001686FA /* PBXTargetDependency */ = {
			isa = PBXTargetDependency;
			target = 81947EA627327FCF001C2AC9 /* Finance */;
			targetProxy = 817033FC27B3D218001686FA /* PBXContainerItemProxy */;
		};
/* End PBXTargetDependency section */

/* Begin XCBuildConfiguration section */
		817033F027B25F9F001686FA /* Debug */ = {
			isa = XCBuildConfiguration;
			buildSettings = {
				BUNDLE_LOADER = "$(TEST_HOST)";
				CODE_SIGN_STYLE = Automatic;
				CURRENT_PROJECT_VERSION = 1;
				GENERATE_INFOPLIST_FILE = YES;
				IPHONEOS_DEPLOYMENT_TARGET = 15.2;
				MARKETING_VERSION = 1.0;
				PRODUCT_BUNDLE_IDENTIFIER = com.lucastrazzullo.FinanceTests;
				PRODUCT_NAME = "$(TARGET_NAME)";
				SWIFT_EMIT_LOC_STRINGS = NO;
				SWIFT_VERSION = 5.0;
				TARGETED_DEVICE_FAMILY = "1,2";
				TEST_HOST = "$(BUILT_PRODUCTS_DIR)/Finance.app/Finance";
			};
			name = Debug;
		};
		817033F127B25F9F001686FA /* Release */ = {
			isa = XCBuildConfiguration;
			buildSettings = {
				BUNDLE_LOADER = "$(TEST_HOST)";
				CODE_SIGN_STYLE = Automatic;
				CURRENT_PROJECT_VERSION = 1;
				GENERATE_INFOPLIST_FILE = YES;
				IPHONEOS_DEPLOYMENT_TARGET = 15.2;
				MARKETING_VERSION = 1.0;
				PRODUCT_BUNDLE_IDENTIFIER = com.lucastrazzullo.FinanceTests;
				PRODUCT_NAME = "$(TARGET_NAME)";
				SWIFT_EMIT_LOC_STRINGS = NO;
				SWIFT_VERSION = 5.0;
				TARGETED_DEVICE_FAMILY = "1,2";
				TEST_HOST = "$(BUILT_PRODUCTS_DIR)/Finance.app/Finance";
			};
			name = Release;
		};
		817033FF27B3D218001686FA /* Debug */ = {
			isa = XCBuildConfiguration;
			buildSettings = {
				CODE_SIGN_STYLE = Automatic;
				CURRENT_PROJECT_VERSION = 1;
				DEVELOPMENT_TEAM = UC9U5RZ8UF;
				GENERATE_INFOPLIST_FILE = YES;
				IPHONEOS_DEPLOYMENT_TARGET = 15.2;
				MARKETING_VERSION = 1.0;
				PRODUCT_BUNDLE_IDENTIFIER = com.lucastrazzullo.FinanceUITests;
				PRODUCT_NAME = "$(TARGET_NAME)";
				SWIFT_EMIT_LOC_STRINGS = NO;
				SWIFT_VERSION = 5.0;
				TARGETED_DEVICE_FAMILY = "1,2";
				TEST_TARGET_NAME = Finance;
			};
			name = Debug;
		};
		8170340027B3D218001686FA /* Release */ = {
			isa = XCBuildConfiguration;
			buildSettings = {
				CODE_SIGN_STYLE = Automatic;
				CURRENT_PROJECT_VERSION = 1;
				DEVELOPMENT_TEAM = UC9U5RZ8UF;
				GENERATE_INFOPLIST_FILE = YES;
				IPHONEOS_DEPLOYMENT_TARGET = 15.2;
				MARKETING_VERSION = 1.0;
				PRODUCT_BUNDLE_IDENTIFIER = com.lucastrazzullo.FinanceUITests;
				PRODUCT_NAME = "$(TARGET_NAME)";
				SWIFT_EMIT_LOC_STRINGS = NO;
				SWIFT_VERSION = 5.0;
				TARGETED_DEVICE_FAMILY = "1,2";
				TEST_TARGET_NAME = Finance;
			};
			name = Release;
		};
		81947EB327327FD1001C2AC9 /* Debug */ = {
			isa = XCBuildConfiguration;
			buildSettings = {
				ALWAYS_SEARCH_USER_PATHS = NO;
				CLANG_ANALYZER_NONNULL = YES;
				CLANG_ANALYZER_NUMBER_OBJECT_CONVERSION = YES_AGGRESSIVE;
				CLANG_CXX_LANGUAGE_STANDARD = "gnu++17";
				CLANG_CXX_LIBRARY = "libc++";
				CLANG_ENABLE_MODULES = YES;
				CLANG_ENABLE_OBJC_ARC = YES;
				CLANG_ENABLE_OBJC_WEAK = YES;
				CLANG_WARN_BLOCK_CAPTURE_AUTORELEASING = YES;
				CLANG_WARN_BOOL_CONVERSION = YES;
				CLANG_WARN_COMMA = YES;
				CLANG_WARN_CONSTANT_CONVERSION = YES;
				CLANG_WARN_DEPRECATED_OBJC_IMPLEMENTATIONS = YES;
				CLANG_WARN_DIRECT_OBJC_ISA_USAGE = YES_ERROR;
				CLANG_WARN_DOCUMENTATION_COMMENTS = YES;
				CLANG_WARN_EMPTY_BODY = YES;
				CLANG_WARN_ENUM_CONVERSION = YES;
				CLANG_WARN_INFINITE_RECURSION = YES;
				CLANG_WARN_INT_CONVERSION = YES;
				CLANG_WARN_NON_LITERAL_NULL_CONVERSION = YES;
				CLANG_WARN_OBJC_IMPLICIT_RETAIN_SELF = YES;
				CLANG_WARN_OBJC_LITERAL_CONVERSION = YES;
				CLANG_WARN_OBJC_ROOT_CLASS = YES_ERROR;
				CLANG_WARN_QUOTED_INCLUDE_IN_FRAMEWORK_HEADER = YES;
				CLANG_WARN_RANGE_LOOP_ANALYSIS = YES;
				CLANG_WARN_STRICT_PROTOTYPES = YES;
				CLANG_WARN_SUSPICIOUS_MOVE = YES;
				CLANG_WARN_UNGUARDED_AVAILABILITY = YES_AGGRESSIVE;
				CLANG_WARN_UNREACHABLE_CODE = YES;
				CLANG_WARN__DUPLICATE_METHOD_MATCH = YES;
				COPY_PHASE_STRIP = NO;
				DEBUG_INFORMATION_FORMAT = dwarf;
				ENABLE_STRICT_OBJC_MSGSEND = YES;
				ENABLE_TESTABILITY = YES;
				GCC_C_LANGUAGE_STANDARD = gnu11;
				GCC_DYNAMIC_NO_PIC = NO;
				GCC_NO_COMMON_BLOCKS = YES;
				GCC_OPTIMIZATION_LEVEL = 0;
				GCC_PREPROCESSOR_DEFINITIONS = (
					"DEBUG=1",
					"$(inherited)",
				);
				GCC_WARN_64_TO_32_BIT_CONVERSION = YES;
				GCC_WARN_ABOUT_RETURN_TYPE = YES_ERROR;
				GCC_WARN_UNDECLARED_SELECTOR = YES;
				GCC_WARN_UNINITIALIZED_AUTOS = YES_AGGRESSIVE;
				GCC_WARN_UNUSED_FUNCTION = YES;
				GCC_WARN_UNUSED_VARIABLE = YES;
				IPHONEOS_DEPLOYMENT_TARGET = 15.0;
				MTL_ENABLE_DEBUG_INFO = INCLUDE_SOURCE;
				MTL_FAST_MATH = YES;
				ONLY_ACTIVE_ARCH = YES;
				SDKROOT = iphoneos;
				SWIFT_ACTIVE_COMPILATION_CONDITIONS = DEBUG;
				SWIFT_OPTIMIZATION_LEVEL = "-Onone";
			};
			name = Debug;
		};
		81947EB427327FD1001C2AC9 /* Release */ = {
			isa = XCBuildConfiguration;
			buildSettings = {
				ALWAYS_SEARCH_USER_PATHS = NO;
				CLANG_ANALYZER_NONNULL = YES;
				CLANG_ANALYZER_NUMBER_OBJECT_CONVERSION = YES_AGGRESSIVE;
				CLANG_CXX_LANGUAGE_STANDARD = "gnu++17";
				CLANG_CXX_LIBRARY = "libc++";
				CLANG_ENABLE_MODULES = YES;
				CLANG_ENABLE_OBJC_ARC = YES;
				CLANG_ENABLE_OBJC_WEAK = YES;
				CLANG_WARN_BLOCK_CAPTURE_AUTORELEASING = YES;
				CLANG_WARN_BOOL_CONVERSION = YES;
				CLANG_WARN_COMMA = YES;
				CLANG_WARN_CONSTANT_CONVERSION = YES;
				CLANG_WARN_DEPRECATED_OBJC_IMPLEMENTATIONS = YES;
				CLANG_WARN_DIRECT_OBJC_ISA_USAGE = YES_ERROR;
				CLANG_WARN_DOCUMENTATION_COMMENTS = YES;
				CLANG_WARN_EMPTY_BODY = YES;
				CLANG_WARN_ENUM_CONVERSION = YES;
				CLANG_WARN_INFINITE_RECURSION = YES;
				CLANG_WARN_INT_CONVERSION = YES;
				CLANG_WARN_NON_LITERAL_NULL_CONVERSION = YES;
				CLANG_WARN_OBJC_IMPLICIT_RETAIN_SELF = YES;
				CLANG_WARN_OBJC_LITERAL_CONVERSION = YES;
				CLANG_WARN_OBJC_ROOT_CLASS = YES_ERROR;
				CLANG_WARN_QUOTED_INCLUDE_IN_FRAMEWORK_HEADER = YES;
				CLANG_WARN_RANGE_LOOP_ANALYSIS = YES;
				CLANG_WARN_STRICT_PROTOTYPES = YES;
				CLANG_WARN_SUSPICIOUS_MOVE = YES;
				CLANG_WARN_UNGUARDED_AVAILABILITY = YES_AGGRESSIVE;
				CLANG_WARN_UNREACHABLE_CODE = YES;
				CLANG_WARN__DUPLICATE_METHOD_MATCH = YES;
				COPY_PHASE_STRIP = NO;
				DEBUG_INFORMATION_FORMAT = "dwarf-with-dsym";
				ENABLE_NS_ASSERTIONS = NO;
				ENABLE_STRICT_OBJC_MSGSEND = YES;
				GCC_C_LANGUAGE_STANDARD = gnu11;
				GCC_NO_COMMON_BLOCKS = YES;
				GCC_WARN_64_TO_32_BIT_CONVERSION = YES;
				GCC_WARN_ABOUT_RETURN_TYPE = YES_ERROR;
				GCC_WARN_UNDECLARED_SELECTOR = YES;
				GCC_WARN_UNINITIALIZED_AUTOS = YES_AGGRESSIVE;
				GCC_WARN_UNUSED_FUNCTION = YES;
				GCC_WARN_UNUSED_VARIABLE = YES;
				IPHONEOS_DEPLOYMENT_TARGET = 15.0;
				MTL_ENABLE_DEBUG_INFO = NO;
				MTL_FAST_MATH = YES;
				SDKROOT = iphoneos;
				SWIFT_COMPILATION_MODE = wholemodule;
				SWIFT_OPTIMIZATION_LEVEL = "-O";
				VALIDATE_PRODUCT = YES;
			};
			name = Release;
		};
		81947EB627327FD1001C2AC9 /* Debug */ = {
			isa = XCBuildConfiguration;
			buildSettings = {
				ASSETCATALOG_COMPILER_APPICON_NAME = AppIcon;
				ASSETCATALOG_COMPILER_GLOBAL_ACCENT_COLOR_NAME = AccentColor;
				CODE_SIGN_STYLE = Automatic;
				CURRENT_PROJECT_VERSION = 1;
				DEVELOPMENT_ASSET_PATHS = "\"Finance/Resources/Preview Content\"";
				DEVELOPMENT_TEAM = UC9U5RZ8UF;
				ENABLE_PREVIEWS = YES;
				GENERATE_INFOPLIST_FILE = YES;
				INFOPLIST_KEY_UIApplicationSceneManifest_Generation = YES;
				INFOPLIST_KEY_UIApplicationSupportsIndirectInputEvents = YES;
				INFOPLIST_KEY_UILaunchScreen_Generation = YES;
				INFOPLIST_KEY_UISupportedInterfaceOrientations_iPad = "UIInterfaceOrientationPortrait UIInterfaceOrientationPortraitUpsideDown UIInterfaceOrientationLandscapeLeft UIInterfaceOrientationLandscapeRight";
				INFOPLIST_KEY_UISupportedInterfaceOrientations_iPhone = "UIInterfaceOrientationPortrait UIInterfaceOrientationLandscapeLeft UIInterfaceOrientationLandscapeRight";
				LD_RUNPATH_SEARCH_PATHS = (
					"$(inherited)",
					"@executable_path/Frameworks",
				);
				MARKETING_VERSION = 1.0;
				PRODUCT_BUNDLE_IDENTIFIER = com.lucastrazzullo.Finance;
				PRODUCT_NAME = "$(TARGET_NAME)";
				SWIFT_EMIT_LOC_STRINGS = YES;
				SWIFT_VERSION = 5.0;
				TARGETED_DEVICE_FAMILY = 1;
			};
			name = Debug;
		};
		81947EB727327FD1001C2AC9 /* Release */ = {
			isa = XCBuildConfiguration;
			buildSettings = {
				ASSETCATALOG_COMPILER_APPICON_NAME = AppIcon;
				ASSETCATALOG_COMPILER_GLOBAL_ACCENT_COLOR_NAME = AccentColor;
				CODE_SIGN_STYLE = Automatic;
				CURRENT_PROJECT_VERSION = 1;
				DEVELOPMENT_ASSET_PATHS = "\"Finance/Resources/Preview Content\"";
				DEVELOPMENT_TEAM = UC9U5RZ8UF;
				ENABLE_PREVIEWS = YES;
				GENERATE_INFOPLIST_FILE = YES;
				INFOPLIST_KEY_UIApplicationSceneManifest_Generation = YES;
				INFOPLIST_KEY_UIApplicationSupportsIndirectInputEvents = YES;
				INFOPLIST_KEY_UILaunchScreen_Generation = YES;
				INFOPLIST_KEY_UISupportedInterfaceOrientations_iPad = "UIInterfaceOrientationPortrait UIInterfaceOrientationPortraitUpsideDown UIInterfaceOrientationLandscapeLeft UIInterfaceOrientationLandscapeRight";
				INFOPLIST_KEY_UISupportedInterfaceOrientations_iPhone = "UIInterfaceOrientationPortrait UIInterfaceOrientationLandscapeLeft UIInterfaceOrientationLandscapeRight";
				LD_RUNPATH_SEARCH_PATHS = (
					"$(inherited)",
					"@executable_path/Frameworks",
				);
				MARKETING_VERSION = 1.0;
				PRODUCT_BUNDLE_IDENTIFIER = com.lucastrazzullo.Finance;
				PRODUCT_NAME = "$(TARGET_NAME)";
				SWIFT_EMIT_LOC_STRINGS = YES;
				SWIFT_VERSION = 5.0;
				TARGETED_DEVICE_FAMILY = 1;
			};
			name = Release;
		};
/* End XCBuildConfiguration section */

/* Begin XCConfigurationList section */
		817033EF27B25F9F001686FA /* Build configuration list for PBXNativeTarget "FinanceTests" */ = {
			isa = XCConfigurationList;
			buildConfigurations = (
				817033F027B25F9F001686FA /* Debug */,
				817033F127B25F9F001686FA /* Release */,
			);
			defaultConfigurationIsVisible = 0;
			defaultConfigurationName = Release;
		};
		817033FE27B3D218001686FA /* Build configuration list for PBXNativeTarget "FinanceUITests" */ = {
			isa = XCConfigurationList;
			buildConfigurations = (
				817033FF27B3D218001686FA /* Debug */,
				8170340027B3D218001686FA /* Release */,
			);
			defaultConfigurationIsVisible = 0;
			defaultConfigurationName = Release;
		};
		81947EA227327FCE001C2AC9 /* Build configuration list for PBXProject "Finance" */ = {
			isa = XCConfigurationList;
			buildConfigurations = (
				81947EB327327FD1001C2AC9 /* Debug */,
				81947EB427327FD1001C2AC9 /* Release */,
			);
			defaultConfigurationIsVisible = 0;
			defaultConfigurationName = Release;
		};
		81947EB527327FD1001C2AC9 /* Build configuration list for PBXNativeTarget "Finance" */ = {
			isa = XCConfigurationList;
			buildConfigurations = (
				81947EB627327FD1001C2AC9 /* Debug */,
				81947EB727327FD1001C2AC9 /* Release */,
			);
			defaultConfigurationIsVisible = 0;
			defaultConfigurationName = Release;
		};
/* End XCConfigurationList section */

/* Begin XCVersionGroup section */
		81FC874E279B65460031D3AC /* Finance.xcdatamodeld */ = {
			isa = XCVersionGroup;
			children = (
				81C222D8279CC4F600759CCB /* Finance 0. 3.xcdatamodel */,
				81C222D7279CB5C700759CCB /* Finance 0. 2.xcdatamodel */,
				81FCE397279C59F200A407A7 /* Finance 0.1.xcdatamodel */,
				81FC874F279B65460031D3AC /* Finance.xcdatamodel */,
			);
			currentVersion = 81C222D8279CC4F600759CCB /* Finance 0. 3.xcdatamodel */;
			path = Finance.xcdatamodeld;
			sourceTree = "<group>";
			versionGroupType = wrapper.xcdatamodel;
		};
/* End XCVersionGroup section */
	};
	rootObject = 81947E9F27327FCE001C2AC9 /* Project object */;
}
